
Microsoft Visual Studio Solution File, Format Version 12.00
# Visual Studio Version 17
VisualStudioVersion = 17.9.34902.65
MinimumVisualStudioVersion = 10.0.40219.1
Project("{9A19103F-16F7-4668-BE54-9A1E7A4F7556}") = "SampleWebApp", "SampleWebApp.csproj", "{F296BF73-523E-41DA-8F8E-53E638C816C0}"
EndProject
Global
	GlobalSection(SolutionConfigurationPlatforms) = preSolution
		Debug|Any CPU = Debug|Any CPU
		Release|Any CPU = Release|Any CPU
	EndGlobalSection
	GlobalSection(ProjectConfigurationPlatforms) = postSolution
		{F296BF73-523E-41DA-8F8E-53E638C816C0}.Debug|Any CPU.ActiveCfg = Debug|Any CPU
		{F296BF73-523E-41DA-8F8E-53E638C816C0}.Debug|Any CPU.Build.0 = Debug|Any CPU
		{F296BF73-523E-41DA-8F8E-53E638C816C0}.Release|Any CPU.ActiveCfg = Release|Any CPU
		{F296BF73-523E-41DA-8F8E-53E638C816C0}.Release|Any CPU.Build.0 = Release|Any CPU
	EndGlobalSection
	GlobalSection(SolutionProperties) = preSolution
		HideSolutionNode = FALSE
	EndGlobalSection
	GlobalSection(ExtensibilityGlobals) = postSolution
		SolutionGuid = {F8FE34E4-D881-4117-822F-D8FDD5F7E1C2}
	EndGlobalSection
EndGlobal
